# THIS IS AN AUTOGENERATED FILE. DO NOT EDIT THIS FILE DIRECTLY.
# yarn lockfile v1


chord-symbol-ultimateguitar@3.0.0-beta.1:
  version "3.0.0-beta.1"
  resolved "https://registry.yarnpkg.com/chord-symbol-ultimateguitar/-/chord-symbol-ultimateguitar-3.0.0-beta.1.tgz#079fb15dd30054347421f94d6c3d3632bddc4537"
  integrity sha512-q/fnBuCT4ila2qo46dOU+/G42fEgj2i9+5Eme4EL3bNKcTQ1rM+7OOX9Dx+4RFW2mgvqbUTQxq4BIifOvEwP3A==
  dependencies:
    chord-symbol "^3.0.0-beta.0"

chord-symbol@3.0.0-beta.0, chord-symbol@^3.0.0-beta.0:
  version "3.0.0-beta.0"
  resolved "https://registry.yarnpkg.com/chord-symbol/-/chord-symbol-3.0.0-beta.0.tgz#5d52d895414478dd109bda0b191c98b4b3e15093"
  integrity sha512-Af+Ux1A1vX+CEKumA1TtG12l14gpBqC7eRHIYixnYcpIrj6bwLoDL3/Oekl3yvvMlqohey27Ed2Dv8qHfG+Ysw==
  dependencies:
    lodash "^4.17.21"

dompurify@^2.3.4:
  version "2.3.4"
  resolved "https://registry.yarnpkg.com/dompurify/-/dompurify-2.3.4.tgz#1cf5cf0105ccb4debdf6db162525bd41e6ddacc6"
  integrity sha512-6BVcgOAVFXjI0JTjEvZy901Rghm+7fDQOrNIcxB4+gdhj6Kwp6T9VBhBY/AbagKHJocRkDYGd6wvI+p4/10xtQ==

lodash@^4.17.21:
  version "4.17.21"
  resolved "https://registry.yarnpkg.com/lodash/-/lodash-4.17.21.tgz#679591c564c3bffaae8454cf0b3df370c3d6911c"
  integrity sha512-v2kDEe57lecTulaDIuNTPy3Ry4gLGJ6Z1O3vE1krgXZNrsQ+LFTGHVxVjcXPs17LhbZVGedAJv8XZ1tvj5FvSg==
