# THIS IS AN AUTOGENERATED FILE. DO NOT EDIT THIS FILE DIRECTLY.
# yarn lockfile v1


chord-symbol-ultimateguitar@3.0.0-beta.2:
  version "3.0.0-beta.2"
  resolved "https://registry.yarnpkg.com/chord-symbol-ultimateguitar/-/chord-symbol-ultimateguitar-3.0.0-beta.2.tgz#218f102c438e71030f4d0284b05754405bd074e7"
  integrity sha512-4qq2CKSzCDG9QHWjl/8cljmRNOeUanLzO895c1lqsqRyKMwfqoqVFyZ3FNwRisZ66DgufFGUnyPEIhUPnO7kXQ==
  dependencies:
    chord-symbol "^3.0.0-beta.0"

chord-symbol@3.0.0-beta.0, chord-symbol@^3.0.0-beta.0:
  version "3.0.0-beta.0"
  resolved "https://registry.yarnpkg.com/chord-symbol/-/chord-symbol-3.0.0-beta.0.tgz#5d52d895414478dd109bda0b191c98b4b3e15093"
  integrity sha512-Af+Ux1A1vX+CEKumA1TtG12l14gpBqC7eRHIYixnYcpIrj6bwLoDL3/Oekl3yvvMlqohey27Ed2Dv8qHfG+Ysw==
  dependencies:
    lodash "^4.17.21"

dompurify@^2.3.4:
  version "2.3.4"
  resolved "https://registry.yarnpkg.com/dompurify/-/dompurify-2.3.4.tgz#1cf5cf0105ccb4debdf6db162525bd41e6ddacc6"
  integrity sha512-6BVcgOAVFXjI0JTjEvZy901Rghm+7fDQOrNIcxB4+gdhj6Kwp6T9VBhBY/AbagKHJocRkDYGd6wvI+p4/10xtQ==

lodash@^4.17.21:
  version "4.17.21"
  resolved "https://registry.yarnpkg.com/lodash/-/lodash-4.17.21.tgz#679591c564c3bffaae8454cf0b3df370c3d6911c"
  integrity sha512-v2kDEe57lecTulaDIuNTPy3Ry4gLGJ6Z1O3vE1krgXZNrsQ+LFTGHVxVjcXPs17LhbZVGedAJv8XZ1tvj5FvSg==
