# THIS IS AN AUTOGENERATED FILE. DO NOT EDIT THIS FILE DIRECTLY.
# yarn lockfile v1


chord-mark@^0.13.0-beta.3:
  version "0.13.0-beta.3"
  resolved "https://registry.yarnpkg.com/chord-mark/-/chord-mark-0.13.0-beta.3.tgz#53953d533e79f97f4114618a9d8be69055995d6c"
  integrity sha512-7eW+9uFRIFi55Re+9OFF55v2+73Csd2i6yFpyKhe0HO+vqI8Mj0iIRo4NaaLvcvkixEb76H8A/0JtPQmiD9AHQ==
  dependencies:
    chord-symbol "4.0.0-beta.0"
    dompurify "^2.3.4"
    lodash "^4.17.21"

chord-symbol@4.0.0-beta.0:
  version "4.0.0-beta.0"
  resolved "https://registry.yarnpkg.com/chord-symbol/-/chord-symbol-4.0.0-beta.0.tgz#dd350d2a9c97ef8e0620a518e1a9c5bdd23f4642"
  integrity sha512-9HeCfZc79mmqJWBY8JABQx5QzIqqjxxCejcFQ67wgdNkvywPnu2nrZsOGzcpWT91vxuKoQ1BWuUgXy+ilLWX8g==
  dependencies:
    lodash "^4.17.21"

dompurify@^2.3.4:
  version "2.4.3"
  resolved "https://registry.yarnpkg.com/dompurify/-/dompurify-2.4.3.tgz#f4133af0e6a50297fc8874e2eaedc13a3c308c03"
  integrity sha512-q6QaLcakcRjebxjg8/+NP+h0rPfatOgOzc46Fst9VAA3jF2ApfKBNKMzdP4DYTqtUMXSCd5pRS/8Po/OmoCHZQ==

lodash@^4.17.21:
  version "4.17.21"
  resolved "https://registry.yarnpkg.com/lodash/-/lodash-4.17.21.tgz#679591c564c3bffaae8454cf0b3df370c3d6911c"
  integrity sha512-v2kDEe57lecTulaDIuNTPy3Ry4gLGJ6Z1O3vE1krgXZNrsQ+LFTGHVxVjcXPs17LhbZVGedAJv8XZ1tvj5FvSg==
