# THIS IS AN AUTOGENERATED FILE. DO NOT EDIT THIS FILE DIRECTLY.
# yarn lockfile v1


chord-mark@^0.11.0:
  version "0.11.0"
  resolved "https://registry.yarnpkg.com/chord-mark/-/chord-mark-0.11.0.tgz#f21cb9824a638ec2712ced076d99e971329994a4"
  integrity sha512-eoewZZdG5yJpiNK+JAQiBbVLAmg9VuqLUye1FmhD9DU//Pbpj+Hel4wLgOE2aF7/fhYT0YhfPQ+Jhc0cZ1M8mA==
  dependencies:
    chord-symbol "3.0.0"
    dompurify "^2.3.4"
    lodash "^4.17.21"

chord-symbol@3.0.0:
  version "3.0.0"
  resolved "https://registry.yarnpkg.com/chord-symbol/-/chord-symbol-3.0.0.tgz#d16c4871f70fdaa5c1c13d837c865e0474e959db"
  integrity sha512-mONjRMrU1RFm/LWSN8Np4lq52mM6sqbB3JI7WMEDb15ZOqcUAMB2ttdzEfJDa6QQJPol+gZrMA4P0mJK8uiq7w==
  dependencies:
    lodash "^4.17.21"

dompurify@^2.3.4:
  version "2.3.4"
  resolved "https://registry.yarnpkg.com/dompurify/-/dompurify-2.3.4.tgz#1cf5cf0105ccb4debdf6db162525bd41e6ddacc6"
  integrity sha512-6BVcgOAVFXjI0JTjEvZy901Rghm+7fDQOrNIcxB4+gdhj6Kwp6T9VBhBY/AbagKHJocRkDYGd6wvI+p4/10xtQ==

lodash@^4.17.21:
  version "4.17.21"
  resolved "https://registry.yarnpkg.com/lodash/-/lodash-4.17.21.tgz#679591c564c3bffaae8454cf0b3df370c3d6911c"
  integrity sha512-v2kDEe57lecTulaDIuNTPy3Ry4gLGJ6Z1O3vE1krgXZNrsQ+LFTGHVxVjcXPs17LhbZVGedAJv8XZ1tvj5FvSg==
