{
	"name": "chord-mark-2-chordpro",
	"version": "0.8.0",
	"lockfileVersion": 2,
	"requires": true,
	"packages": {
		"": {
			"name": "chord-mark-2-chordpro",
			"version": "0.7.0",
			"license": "MIT",
			"dependencies": {
				"core-js": "^3.19.1"
			}
		},
		"../chord-mark": {
			"version": "0.7.0",
			"extraneous": true,
			"license": "MIT",
			"dependencies": {
				"chord-symbol": "^2.1.0",
				"core-js": "^3.18.3",
				"dompurify": "^2.3.3",
				"handlebars": "^4.7.7",
				"lodash": "^4.17.21"
			},
			"engines": {
				"node": ">=16.0"
			}
		},
		"node_modules/core-js": {
			"version": "3.19.1",
			"resolved": "https://registry.npmjs.org/core-js/-/core-js-3.19.1.tgz",
			"integrity": "sha512-Tnc7E9iKd/b/ff7GFbhwPVzJzPztGrChB8X8GLqoYGdEOG8IpLnK1xPyo3ZoO3HsK6TodJS58VGPOxA+hLHQMg==",
			"hasInstallScript": true,
			"funding": {
				"type": "opencollective",
				"url": "https://opencollective.com/core-js"
			}
		}
	},
	"dependencies": {
		"core-js": {
			"version": "3.19.1",
			"resolved": "https://registry.npmjs.org/core-js/-/core-js-3.19.1.tgz",
			"integrity": "sha512-Tnc7E9iKd/b/ff7GFbhwPVzJzPztGrChB8X8GLqoYGdEOG8IpLnK1xPyo3ZoO3HsK6TodJS58VGPOxA+hLHQMg=="
		}
	}
}
