# THIS IS AN AUTOGENERATED FILE. DO NOT EDIT THIS FILE DIRECTLY.
# yarn lockfile v1


core-js@^3.19.1:
  version "3.19.2"
  resolved "https://registry.yarnpkg.com/core-js/-/core-js-3.19.2.tgz#ae216d7f4f7e924d9a2e3ff1e4b1940220f9157b"
  integrity sha512-ciYCResnLIATSsXuXnIOH4CbdfgV+H1Ltg16hJFN7/v6OxqnFr/IFGeLacaZ+fHLAm0TBbXwNK9/DNBzBUrO/g==
