# THIS IS AN AUTOGENERATED FILE. DO NOT EDIT THIS FILE DIRECTLY.
# yarn lockfile v1


chord-mark@^0.8.0:
  version "0.8.0"
  resolved "https://registry.yarnpkg.com/chord-mark/-/chord-mark-0.8.0.tgz#7f95732463ba73b789333aa833855d5467b5e6f4"
  integrity sha512-hN+yxLkZa4/LteOmYJV0Cfh2uCRjLJEt80jrLGI4V+4RPtouAa4yq23l2+t88h0XRIzY73drtZgcZooNF56mRQ==
  dependencies:
    chord-symbol "^2.1.0"
    core-js "^3.18.3"
    dompurify "^2.3.3"
    lodash "^4.17.21"

chord-symbol@^2.1.0:
  version "2.1.0"
  resolved "https://registry.yarnpkg.com/chord-symbol/-/chord-symbol-2.1.0.tgz#076e6bd3e9bb1076a9d42f3152e50ad7fc2c7f9b"
  integrity sha512-0vUz0LNVNlXTlt4pht9Aw2H28+LIVZ7U7X3tXzFBf9xIbfExI0Y1D+Z7m1X63+Bp9Ne0bDzVBMrVD5cYpYq27g==
  dependencies:
    core-js "^3.8.2"
    lodash "^4.17.20"

core-js@^3.18.3, core-js@^3.19.3, core-js@^3.8.2:
  version "3.19.3"
  resolved "https://registry.yarnpkg.com/core-js/-/core-js-3.19.3.tgz#6df8142a996337503019ff3235a7022d7cdf4559"
  integrity sha512-LeLBMgEGSsG7giquSzvgBrTS7V5UL6ks3eQlUSbN8dJStlLFiRzUm5iqsRyzUB8carhfKjkJ2vzKqE6z1Vga9g==

dompurify@^2.3.3:
  version "2.3.4"
  resolved "https://registry.yarnpkg.com/dompurify/-/dompurify-2.3.4.tgz#1cf5cf0105ccb4debdf6db162525bd41e6ddacc6"
  integrity sha512-6BVcgOAVFXjI0JTjEvZy901Rghm+7fDQOrNIcxB4+gdhj6Kwp6T9VBhBY/AbagKHJocRkDYGd6wvI+p4/10xtQ==

lodash@^4.17.20, lodash@^4.17.21:
  version "4.17.21"
  resolved "https://registry.yarnpkg.com/lodash/-/lodash-4.17.21.tgz#679591c564c3bffaae8454cf0b3df370c3d6911c"
  integrity sha512-v2kDEe57lecTulaDIuNTPy3Ry4gLGJ6Z1O3vE1krgXZNrsQ+LFTGHVxVjcXPs17LhbZVGedAJv8XZ1tvj5FvSg==
