{
	"name": "chord-mark",
	"version": "0.7.0",
	"lockfileVersion": 2,
	"requires": true,
	"packages": {
		"": {
			"name": "chord-mark",
			"version": "0.7.0",
			"license": "MIT",
			"dependencies": {
				"chord-symbol": "^2.1.0",
				"core-js": "^3.18.3",
				"dompurify": "^2.3.3",
				"handlebars": "^4.7.7",
				"lodash": "^4.17.21"
			},
			"engines": {
				"node": ">=16.0"
			}
		},
		"node_modules/chord-symbol": {
			"version": "2.1.0",
			"resolved": "https://registry.npmjs.org/chord-symbol/-/chord-symbol-2.1.0.tgz",
			"integrity": "sha512-0vUz0LNVNlXTlt4pht9Aw2H28+LIVZ7U7X3tXzFBf9xIbfExI0Y1D+Z7m1X63+Bp9Ne0bDzVBMrVD5cYpYq27g==",
			"dependencies": {
				"core-js": "^3.8.2",
				"lodash": "^4.17.20"
			}
		},
		"node_modules/core-js": {
			"version": "3.19.1",
			"resolved": "https://registry.npmjs.org/core-js/-/core-js-3.19.1.tgz",
			"integrity": "sha512-Tnc7E9iKd/b/ff7GFbhwPVzJzPztGrChB8X8GLqoYGdEOG8IpLnK1xPyo3ZoO3HsK6TodJS58VGPOxA+hLHQMg==",
			"hasInstallScript": true,
			"funding": {
				"type": "opencollective",
				"url": "https://opencollective.com/core-js"
			}
		},
		"node_modules/dompurify": {
			"version": "2.3.3",
			"resolved": "https://registry.npmjs.org/dompurify/-/dompurify-2.3.3.tgz",
			"integrity": "sha512-dqnqRkPMAjOZE0FogZ+ceJNM2dZ3V/yNOuFB7+39qpO93hHhfRpHw3heYQC7DPK9FqbQTfBKUJhiSfz4MvXYwg=="
		},
		"node_modules/handlebars": {
			"version": "4.7.7",
			"resolved": "https://registry.npmjs.org/handlebars/-/handlebars-4.7.7.tgz",
			"integrity": "sha512-aAcXm5OAfE/8IXkcZvCepKU3VzW1/39Fb5ZuqMtgI/hT8X2YgoMvBY5dLhq/cpOvw7Lk1nK/UF71aLG/ZnVYRA==",
			"dependencies": {
				"minimist": "^1.2.5",
				"neo-async": "^2.6.0",
				"source-map": "^0.6.1",
				"wordwrap": "^1.0.0"
			},
			"bin": {
				"handlebars": "bin/handlebars"
			},
			"engines": {
				"node": ">=0.4.7"
			},
			"optionalDependencies": {
				"uglify-js": "^3.1.4"
			}
		},
		"node_modules/handlebars/node_modules/source-map": {
			"version": "0.6.1",
			"resolved": "https://registry.npmjs.org/source-map/-/source-map-0.6.1.tgz",
			"integrity": "sha512-UjgapumWlbMhkBgzT7Ykc5YXUT46F0iKu8SGXq0bcwP5dz/h0Plj6enJqjz1Zbq2l5WaqYnrVbwWOWMyF3F47g==",
			"engines": {
				"node": ">=0.10.0"
			}
		},
		"node_modules/lodash": {
			"version": "4.17.21",
			"resolved": "https://registry.npmjs.org/lodash/-/lodash-4.17.21.tgz",
			"integrity": "sha512-v2kDEe57lecTulaDIuNTPy3Ry4gLGJ6Z1O3vE1krgXZNrsQ+LFTGHVxVjcXPs17LhbZVGedAJv8XZ1tvj5FvSg=="
		},
		"node_modules/minimist": {
			"version": "1.2.5",
			"resolved": "https://registry.npmjs.org/minimist/-/minimist-1.2.5.tgz",
			"integrity": "sha512-FM9nNUYrRBAELZQT3xeZQ7fmMOBg6nWNmJKTcgsJeaLstP/UODVpGsr5OhXhhXg6f+qtJ8uiZ+PUxkDWcgIXLw=="
		},
		"node_modules/neo-async": {
			"version": "2.6.2",
			"resolved": "https://registry.npmjs.org/neo-async/-/neo-async-2.6.2.tgz",
			"integrity": "sha512-Yd3UES5mWCSqR+qNT93S3UoYUkqAZ9lLg8a7g9rimsWmYGK8cVToA4/sF3RrshdyV3sAGMXVUmpMYOw+dLpOuw=="
		},
		"node_modules/uglify-js": {
			"version": "3.14.3",
			"resolved": "https://registry.npmjs.org/uglify-js/-/uglify-js-3.14.3.tgz",
			"integrity": "sha512-mic3aOdiq01DuSVx0TseaEzMIVqebMZ0Z3vaeDhFEh9bsc24hV1TFvN74reA2vs08D0ZWfNjAcJ3UbVLaBss+g==",
			"optional": true,
			"bin": {
				"uglifyjs": "bin/uglifyjs"
			},
			"engines": {
				"node": ">=0.8.0"
			}
		},
		"node_modules/wordwrap": {
			"version": "1.0.0",
			"resolved": "https://registry.npmjs.org/wordwrap/-/wordwrap-1.0.0.tgz",
			"integrity": "sha1-J1hIEIkUVqQXHI0CJkQa3pDLyus="
		}
	},
	"dependencies": {
		"chord-symbol": {
			"version": "2.1.0",
			"resolved": "https://registry.npmjs.org/chord-symbol/-/chord-symbol-2.1.0.tgz",
			"integrity": "sha512-0vUz0LNVNlXTlt4pht9Aw2H28+LIVZ7U7X3tXzFBf9xIbfExI0Y1D+Z7m1X63+Bp9Ne0bDzVBMrVD5cYpYq27g==",
			"requires": {
				"core-js": "^3.8.2",
				"lodash": "^4.17.20"
			}
		},
		"core-js": {
			"version": "3.19.1",
			"resolved": "https://registry.npmjs.org/core-js/-/core-js-3.19.1.tgz",
			"integrity": "sha512-Tnc7E9iKd/b/ff7GFbhwPVzJzPztGrChB8X8GLqoYGdEOG8IpLnK1xPyo3ZoO3HsK6TodJS58VGPOxA+hLHQMg=="
		},
		"dompurify": {
			"version": "2.3.3",
			"resolved": "https://registry.npmjs.org/dompurify/-/dompurify-2.3.3.tgz",
			"integrity": "sha512-dqnqRkPMAjOZE0FogZ+ceJNM2dZ3V/yNOuFB7+39qpO93hHhfRpHw3heYQC7DPK9FqbQTfBKUJhiSfz4MvXYwg=="
		},
		"handlebars": {
			"version": "4.7.7",
			"resolved": "https://registry.npmjs.org/handlebars/-/handlebars-4.7.7.tgz",
			"integrity": "sha512-aAcXm5OAfE/8IXkcZvCepKU3VzW1/39Fb5ZuqMtgI/hT8X2YgoMvBY5dLhq/cpOvw7Lk1nK/UF71aLG/ZnVYRA==",
			"requires": {
				"minimist": "^1.2.5",
				"neo-async": "^2.6.0",
				"source-map": "^0.6.1",
				"uglify-js": "^3.1.4",
				"wordwrap": "^1.0.0"
			},
			"dependencies": {
				"source-map": {
					"version": "0.6.1",
					"resolved": "https://registry.npmjs.org/source-map/-/source-map-0.6.1.tgz",
					"integrity": "sha512-UjgapumWlbMhkBgzT7Ykc5YXUT46F0iKu8SGXq0bcwP5dz/h0Plj6enJqjz1Zbq2l5WaqYnrVbwWOWMyF3F47g=="
				}
			}
		},
		"lodash": {
			"version": "4.17.21",
			"resolved": "https://registry.npmjs.org/lodash/-/lodash-4.17.21.tgz",
			"integrity": "sha512-v2kDEe57lecTulaDIuNTPy3Ry4gLGJ6Z1O3vE1krgXZNrsQ+LFTGHVxVjcXPs17LhbZVGedAJv8XZ1tvj5FvSg=="
		},
		"minimist": {
			"version": "1.2.5",
			"resolved": "https://registry.npmjs.org/minimist/-/minimist-1.2.5.tgz",
			"integrity": "sha512-FM9nNUYrRBAELZQT3xeZQ7fmMOBg6nWNmJKTcgsJeaLstP/UODVpGsr5OhXhhXg6f+qtJ8uiZ+PUxkDWcgIXLw=="
		},
		"neo-async": {
			"version": "2.6.2",
			"resolved": "https://registry.npmjs.org/neo-async/-/neo-async-2.6.2.tgz",
			"integrity": "sha512-Yd3UES5mWCSqR+qNT93S3UoYUkqAZ9lLg8a7g9rimsWmYGK8cVToA4/sF3RrshdyV3sAGMXVUmpMYOw+dLpOuw=="
		},
		"uglify-js": {
			"version": "3.14.3",
			"resolved": "https://registry.npmjs.org/uglify-js/-/uglify-js-3.14.3.tgz",
			"integrity": "sha512-mic3aOdiq01DuSVx0TseaEzMIVqebMZ0Z3vaeDhFEh9bsc24hV1TFvN74reA2vs08D0ZWfNjAcJ3UbVLaBss+g==",
			"optional": true
		},
		"wordwrap": {
			"version": "1.0.0",
			"resolved": "https://registry.npmjs.org/wordwrap/-/wordwrap-1.0.0.tgz",
			"integrity": "sha1-J1hIEIkUVqQXHI0CJkQa3pDLyus="
		}
	}
}
