{
	"name": "chord-mark",
	"version": "0.8.0-beta.2",
	"lockfileVersion": 2,
	"requires": true,
	"packages": {
		"": {
			"name": "chord-mark",
			"version": "0.7.0",
			"license": "MIT",
			"dependencies": {
				"chord-symbol": "^2.1.0",
				"core-js": "^3.18.3",
				"dompurify": "^2.3.3",
				"lodash": "^4.17.21"
			},
			"engines": {
				"node": ">=16.0"
			}
		},
		"node_modules/chord-symbol": {
			"version": "2.1.0",
			"resolved": "https://registry.npmjs.org/chord-symbol/-/chord-symbol-2.1.0.tgz",
			"integrity": "sha512-0vUz0LNVNlXTlt4pht9Aw2H28+LIVZ7U7X3tXzFBf9xIbfExI0Y1D+Z7m1X63+Bp9Ne0bDzVBMrVD5cYpYq27g==",
			"dependencies": {
				"core-js": "^3.8.2",
				"lodash": "^4.17.20"
			}
		},
		"node_modules/core-js": {
			"version": "3.19.1",
			"resolved": "https://registry.npmjs.org/core-js/-/core-js-3.19.1.tgz",
			"integrity": "sha512-Tnc7E9iKd/b/ff7GFbhwPVzJzPztGrChB8X8GLqoYGdEOG8IpLnK1xPyo3ZoO3HsK6TodJS58VGPOxA+hLHQMg==",
			"hasInstallScript": true,
			"funding": {
				"type": "opencollective",
				"url": "https://opencollective.com/core-js"
			}
		},
		"node_modules/dompurify": {
			"version": "2.3.3",
			"resolved": "https://registry.npmjs.org/dompurify/-/dompurify-2.3.3.tgz",
			"integrity": "sha512-dqnqRkPMAjOZE0FogZ+ceJNM2dZ3V/yNOuFB7+39qpO93hHhfRpHw3heYQC7DPK9FqbQTfBKUJhiSfz4MvXYwg=="
		},
		"node_modules/lodash": {
			"version": "4.17.21",
			"resolved": "https://registry.npmjs.org/lodash/-/lodash-4.17.21.tgz",
			"integrity": "sha512-v2kDEe57lecTulaDIuNTPy3Ry4gLGJ6Z1O3vE1krgXZNrsQ+LFTGHVxVjcXPs17LhbZVGedAJv8XZ1tvj5FvSg=="
		}
	},
	"dependencies": {
		"chord-symbol": {
			"version": "2.1.0",
			"resolved": "https://registry.npmjs.org/chord-symbol/-/chord-symbol-2.1.0.tgz",
			"integrity": "sha512-0vUz0LNVNlXTlt4pht9Aw2H28+LIVZ7U7X3tXzFBf9xIbfExI0Y1D+Z7m1X63+Bp9Ne0bDzVBMrVD5cYpYq27g==",
			"requires": {
				"core-js": "^3.8.2",
				"lodash": "^4.17.20"
			}
		},
		"core-js": {
			"version": "3.19.1",
			"resolved": "https://registry.npmjs.org/core-js/-/core-js-3.19.1.tgz",
			"integrity": "sha512-Tnc7E9iKd/b/ff7GFbhwPVzJzPztGrChB8X8GLqoYGdEOG8IpLnK1xPyo3ZoO3HsK6TodJS58VGPOxA+hLHQMg=="
		},
		"dompurify": {
			"version": "2.3.3",
			"resolved": "https://registry.npmjs.org/dompurify/-/dompurify-2.3.3.tgz",
			"integrity": "sha512-dqnqRkPMAjOZE0FogZ+ceJNM2dZ3V/yNOuFB7+39qpO93hHhfRpHw3heYQC7DPK9FqbQTfBKUJhiSfz4MvXYwg=="
		},
		"lodash": {
			"version": "4.17.21",
			"resolved": "https://registry.npmjs.org/lodash/-/lodash-4.17.21.tgz",
			"integrity": "sha512-v2kDEe57lecTulaDIuNTPy3Ry4gLGJ6Z1O3vE1krgXZNrsQ+LFTGHVxVjcXPs17LhbZVGedAJv8XZ1tvj5FvSg=="
		}
	}
}
