{
	"name": "chord-mark",
	"version": "0.8.0",
	"lockfileVersion": 2,
	"requires": true,
	"packages": {
		"": {
			"name": "chord-mark",
			"version": "0.8.0",
			"license": "MIT",
			"dependencies": {
				"chord-symbol": "^2.1.0",
				"core-js": "^3.18.3",
				"dompurify": "^2.3.3",
				"lodash": "^4.17.21"
			},
			"engines": {
				"node": ">=16.0"
			}
		},
		"node_modules/chord-symbol": {
			"version": "2.1.0",
			"resolved": "https://registry.npmjs.org/chord-symbol/-/chord-symbol-2.1.0.tgz",
			"integrity": "sha512-0vUz0LNVNlXTlt4pht9Aw2H28+LIVZ7U7X3tXzFBf9xIbfExI0Y1D+Z7m1X63+Bp9Ne0bDzVBMrVD5cYpYq27g==",
			"dependencies": {
				"core-js": "^3.8.2",
				"lodash": "^4.17.20"
			}
		},
		"node_modules/core-js": {
			"version": "3.19.3",
			"resolved": "https://registry.npmjs.org/core-js/-/core-js-3.19.3.tgz",
			"integrity": "sha512-LeLBMgEGSsG7giquSzvgBrTS7V5UL6ks3eQlUSbN8dJStlLFiRzUm5iqsRyzUB8carhfKjkJ2vzKqE6z1Vga9g==",
			"hasInstallScript": true,
			"funding": {
				"type": "opencollective",
				"url": "https://opencollective.com/core-js"
			}
		},
		"node_modules/dompurify": {
			"version": "2.3.4",
			"resolved": "https://registry.npmjs.org/dompurify/-/dompurify-2.3.4.tgz",
			"integrity": "sha512-6BVcgOAVFXjI0JTjEvZy901Rghm+7fDQOrNIcxB4+gdhj6Kwp6T9VBhBY/AbagKHJocRkDYGd6wvI+p4/10xtQ=="
		},
		"node_modules/lodash": {
			"version": "4.17.21",
			"resolved": "https://registry.npmjs.org/lodash/-/lodash-4.17.21.tgz",
			"integrity": "sha512-v2kDEe57lecTulaDIuNTPy3Ry4gLGJ6Z1O3vE1krgXZNrsQ+LFTGHVxVjcXPs17LhbZVGedAJv8XZ1tvj5FvSg=="
		}
	},
	"dependencies": {
		"chord-symbol": {
			"version": "2.1.0",
			"resolved": "https://registry.npmjs.org/chord-symbol/-/chord-symbol-2.1.0.tgz",
			"integrity": "sha512-0vUz0LNVNlXTlt4pht9Aw2H28+LIVZ7U7X3tXzFBf9xIbfExI0Y1D+Z7m1X63+Bp9Ne0bDzVBMrVD5cYpYq27g==",
			"requires": {
				"core-js": "^3.8.2",
				"lodash": "^4.17.20"
			}
		},
		"core-js": {
			"version": "3.19.3",
			"resolved": "https://registry.npmjs.org/core-js/-/core-js-3.19.3.tgz",
			"integrity": "sha512-LeLBMgEGSsG7giquSzvgBrTS7V5UL6ks3eQlUSbN8dJStlLFiRzUm5iqsRyzUB8carhfKjkJ2vzKqE6z1Vga9g=="
		},
		"dompurify": {
			"version": "2.3.4",
			"resolved": "https://registry.npmjs.org/dompurify/-/dompurify-2.3.4.tgz",
			"integrity": "sha512-6BVcgOAVFXjI0JTjEvZy901Rghm+7fDQOrNIcxB4+gdhj6Kwp6T9VBhBY/AbagKHJocRkDYGd6wvI+p4/10xtQ=="
		},
		"lodash": {
			"version": "4.17.21",
			"resolved": "https://registry.npmjs.org/lodash/-/lodash-4.17.21.tgz",
			"integrity": "sha512-v2kDEe57lecTulaDIuNTPy3Ry4gLGJ6Z1O3vE1krgXZNrsQ+LFTGHVxVjcXPs17LhbZVGedAJv8XZ1tvj5FvSg=="
		}
	}
}
