# THIS IS AN AUTOGENERATED FILE. DO NOT EDIT THIS FILE DIRECTLY.
# yarn lockfile v1


chord-symbol@4.0.0-beta.6:
  version "4.0.0-beta.6"
  resolved "https://registry.yarnpkg.com/chord-symbol/-/chord-symbol-4.0.0-beta.6.tgz#5eaede647b7bd75c4ed3399b02b0c3d160a92188"
  integrity sha512-ToTzeQJEjxG8QNhM1oEzBdXrh7rdxA0SPWA/GI/ksGh0bAeei96E7dYhr7AvlxZcMroPBE40QbcZbD2H7LXClw==
  dependencies:
    lodash "^4.17.21"

dompurify@^2.3.4:
  version "2.4.3"
  resolved "https://registry.yarnpkg.com/dompurify/-/dompurify-2.4.3.tgz#f4133af0e6a50297fc8874e2eaedc13a3c308c03"
  integrity sha512-q6QaLcakcRjebxjg8/+NP+h0rPfatOgOzc46Fst9VAA3jF2ApfKBNKMzdP4DYTqtUMXSCd5pRS/8Po/OmoCHZQ==

lodash@^4.17.21:
  version "4.17.21"
  resolved "https://registry.yarnpkg.com/lodash/-/lodash-4.17.21.tgz#679591c564c3bffaae8454cf0b3df370c3d6911c"
  integrity sha512-v2kDEe57lecTulaDIuNTPy3Ry4gLGJ6Z1O3vE1krgXZNrsQ+LFTGHVxVjcXPs17LhbZVGedAJv8XZ1tvj5FvSg==
